
Microsoft Visual Studio Solution File, Format Version 9.00
# Visual Studio 2005
Project("{FAE04EC0-301F-11D3-BF4B-00C04F79EFBC}") = "BillingClient", "BillingClient\BillingClient.csproj", "{62265A05-6281-478A-8171-C25F9C5F9E6D}"
EndProject
Project("{FAE04EC0-301F-11D3-BF4B-00C04F79EFBC}") = "BillingLibrary", "BillingLibrary\BillingLibrary.csproj", "{AA35DAF3-1300-4FBE-8C3A-47CA1BF6690A}"
EndProject
Global
	GlobalSection(SolutionConfigurationPlatforms) = preSolution
		Debug|Any CPU = Debug|Any CPU
		Release|Any CPU = Release|Any CPU
	EndGlobalSection
	GlobalSection(ProjectConfigurationPlatforms) = postSolution
		{62265A05-6281-478A-8171-C25F9C5F9E6D}.Debug|Any CPU.ActiveCfg = Debug|Any CPU
		{62265A05-6281-478A-8171-C25F9C5F9E6D}.Debug|Any CPU.Build.0 = Debug|Any CPU
		{62265A05-6281-478A-8171-C25F9C5F9E6D}.Release|Any CPU.ActiveCfg = Release|Any CPU
		{62265A05-6281-478A-8171-C25F9C5F9E6D}.Release|Any CPU.Build.0 = Release|Any CPU
		{AA35DAF3-1300-4FBE-8C3A-47CA1BF6690A}.Debug|Any CPU.ActiveCfg = Debug|Any CPU
		{AA35DAF3-1300-4FBE-8C3A-47CA1BF6690A}.Debug|Any CPU.Build.0 = Debug|Any CPU
		{AA35DAF3-1300-4FBE-8C3A-47CA1BF6690A}.Release|Any CPU.ActiveCfg = Release|Any CPU
		{AA35DAF3-1300-4FBE-8C3A-47CA1BF6690A}.Release|Any CPU.Build.0 = Release|Any CPU
	EndGlobalSection
	GlobalSection(SolutionProperties) = preSolution
		HideSolutionNode = FALSE
	EndGlobalSection
EndGlobal
